
Microsoft Visual Studio Solution File, Format Version 12.00
# Visual Studio Version 18
VisualStudioVersion = 18.1.11312.151 d18.0
MinimumVisualStudioVersion = 10.0.40219.1
Project("{FAE04EC0-301F-11D3-BF4B-00C04F79EFBC}") = "ZimmerChecker", "ZimmerChecker.csproj", "{824BFE64-671F-4039-9A1C-FDB2620AD795}"
EndProject
Project("{2150E333-8FDC-42A3-9474-1A3956D46DE8}") = "Solution Items", "Solution Items", "{A9E0A2B3-DD7E-40BD-B86B-1F0068C642C7}"
EndProject
Global
	GlobalSection(SolutionConfigurationPlatforms) = preSolution
		Debug|Any CPU = Debug|Any CPU
		Release|Any CPU = Release|Any CPU
	EndGlobalSection
	GlobalSection(ProjectConfigurationPlatforms) = postSolution
		{824BFE64-671F-4039-9A1C-FDB2620AD795}.Debug|Any CPU.ActiveCfg = Debug|Any CPU
		{824BFE64-671F-4039-9A1C-FDB2620AD795}.Debug|Any CPU.Build.0 = Debug|Any CPU
		{824BFE64-671F-4039-9A1C-FDB2620AD795}.Release|Any CPU.ActiveCfg = Release|Any CPU
		{824BFE64-671F-4039-9A1C-FDB2620AD795}.Release|Any CPU.Build.0 = Release|Any CPU
	EndGlobalSection
	GlobalSection(SolutionProperties) = preSolution
		HideSolutionNode = FALSE
	EndGlobalSection
EndGlobal
